// !$*UTF8*$!
{
	archiveVersion = 1;
	classes = {
	};
	objectVersion = 56;
	objects = {

/* Begin PBXBuildFile section */
		4F81D51E2C34DF870049E2A9 /* CustomTableViewCell.swift in Sources */ = {isa = PBXBuildFile; fileRef = 4F81D51D2C34DF870049E2A9 /* CustomTableViewCell.swift */; };
		76808A122C33A526007DE0FE /* AppDelegate.swift in Sources */ = {isa = PBXBuildFile; fileRef = 76808A112C33A526007DE0FE /* AppDelegate.swift */; };
		76808A142C33A526007DE0FE /* SceneDelegate.swift in Sources */ = {isa = PBXBuildFile; fileRef = 76808A132C33A526007DE0FE /* SceneDelegate.swift */; };
		76808A162C33A526007DE0FE /* View.swift in Sources */ = {isa = PBXBuildFile; fileRef = 76808A152C33A526007DE0FE /* View.swift */; };
		76808A1B2C33A528007DE0FE /* Assets.xcassets in Resources */ = {isa = PBXBuildFile; fileRef = 76808A1A2C33A528007DE0FE /* Assets.xcassets */; };
		76808A1E2C33A528007DE0FE /* Base in Resources */ = {isa = PBXBuildFile; fileRef = 76808A1D2C33A528007DE0FE /* Base */; };
		76808A262C33A582007DE0FE /* README.md in Resources */ = {isa = PBXBuildFile; fileRef = 76808A252C33A582007DE0FE /* README.md */; };
		76808A282C33A58B007DE0FE /* .gitignore in Resources */ = {isa = PBXBuildFile; fileRef = 76808A272C33A58B007DE0FE /* .gitignore */; };
		76808A2A2C33AE59007DE0FE /* CodeConvention.md in Resources */ = {isa = PBXBuildFile; fileRef = 76808A292C33AE59007DE0FE /* CodeConvention.md */; };
		76808A2C2C33B05C007DE0FE /* CommitConvention.md in Resources */ = {isa = PBXBuildFile; fileRef = 76808A2B2C33B05C007DE0FE /* CommitConvention.md */; };
		76808A2F2C33B68F007DE0FE /* SnapKit in Frameworks */ = {isa = PBXBuildFile; productRef = 76808A2E2C33B68F007DE0FE /* SnapKit */; };
		76808A342C33C9C9007DE0FE /* Model.swift in Sources */ = {isa = PBXBuildFile; fileRef = 76808A332C33C9C9007DE0FE /* Model.swift */; };
		76808A392C33CA26007DE0FE /* Controller.swift in Sources */ = {isa = PBXBuildFile; fileRef = 76808A382C33CA26007DE0FE /* Controller.swift */; };
/* End PBXBuildFile section */

/* Begin PBXFileReference section */
		4F81D51D2C34DF870049E2A9 /* CustomTableViewCell.swift */ = {isa = PBXFileReference; lastKnownFileType = sourcecode.swift; path = CustomTableViewCell.swift; sourceTree = "<group>"; };
		76808A0E2C33A526007DE0FE /* MomSpaCh.app */ = {isa = PBXFileReference; explicitFileType = wrapper.application; includeInIndex = 0; path = MomSpaCh.app; sourceTree = BUILT_PRODUCTS_DIR; };
		76808A112C33A526007DE0FE /* AppDelegate.swift */ = {isa = PBXFileReference; lastKnownFileType = sourcecode.swift; path = AppDelegate.swift; sourceTree = "<group>"; };
		76808A132C33A526007DE0FE /* SceneDelegate.swift */ = {isa = PBXFileReference; lastKnownFileType = sourcecode.swift; path = SceneDelegate.swift; sourceTree = "<group>"; };
		76808A152C33A526007DE0FE /* View.swift */ = {isa = PBXFileReference; lastKnownFileType = sourcecode.swift; path = View.swift; sourceTree = "<group>"; };
		76808A1A2C33A528007DE0FE /* Assets.xcassets */ = {isa = PBXFileReference; lastKnownFileType = folder.assetcatalog; path = Assets.xcassets; sourceTree = "<group>"; };
		76808A1D2C33A528007DE0FE /* Base */ = {isa = PBXFileReference; lastKnownFileType = file.storyboard; name = Base; path = Base.lproj/LaunchScreen.storyboard; sourceTree = "<group>"; };
		76808A1F2C33A528007DE0FE /* Info.plist */ = {isa = PBXFileReference; lastKnownFileType = text.plist.xml; path = Info.plist; sourceTree = "<group>"; };
		76808A252C33A582007DE0FE /* README.md */ = {isa = PBXFileReference; lastKnownFileType = net.daringfireball.markdown; path = README.md; sourceTree = "<group>"; };
		76808A272C33A58B007DE0FE /* .gitignore */ = {isa = PBXFileReference; lastKnownFileType = text; path = .gitignore; sourceTree = "<group>"; };
		76808A292C33AE59007DE0FE /* CodeConvention.md */ = {isa = PBXFileReference; lastKnownFileType = net.daringfireball.markdown; path = CodeConvention.md; sourceTree = "<group>"; };
		76808A2B2C33B05C007DE0FE /* CommitConvention.md */ = {isa = PBXFileReference; lastKnownFileType = net.daringfireball.markdown; path = CommitConvention.md; sourceTree = "<group>"; };
		76808A332C33C9C9007DE0FE /* Model.swift */ = {isa = PBXFileReference; lastKnownFileType = sourcecode.swift; path = Model.swift; sourceTree = "<group>"; };
		76808A382C33CA26007DE0FE /* Controller.swift */ = {isa = PBXFileReference; lastKnownFileType = sourcecode.swift; path = Controller.swift; sourceTree = "<group>"; };
/* End PBXFileReference section */

/* Begin PBXFrameworksBuildPhase section */
		76808A0B2C33A526007DE0FE /* Frameworks */ = {
			isa = PBXFrameworksBuildPhase;
			buildActionMask = 2147483647;
			files = (
				76808A2F2C33B68F007DE0FE /* SnapKit in Frameworks */,
			);
			runOnlyForDeploymentPostprocessing = 0;
		};
/* End PBXFrameworksBuildPhase section */

/* Begin PBXGroup section */
		76808A052C33A526007DE0FE = {
			isa = PBXGroup;
			children = (
				76808A272C33A58B007DE0FE /* .gitignore */,
				76808A252C33A582007DE0FE /* README.md */,
				76808A292C33AE59007DE0FE /* CodeConvention.md */,
				76808A2B2C33B05C007DE0FE /* CommitConvention.md */,
				76808A102C33A526007DE0FE /* MomSpaCh */,
				76808A0F2C33A526007DE0FE /* Products */,
			);
			sourceTree = "<group>";
		};
		76808A0F2C33A526007DE0FE /* Products */ = {
			isa = PBXGroup;
			children = (
				76808A0E2C33A526007DE0FE /* MomSpaCh.app */,
			);
			name = Products;
			sourceTree = "<group>";
		};
		76808A102C33A526007DE0FE /* MomSpaCh */ = {
			isa = PBXGroup;
			children = (
				76808A352C33C9E7007DE0FE /* Model */,
				76808A362C33C9EF007DE0FE /* View */,
				76808A372C33C9F9007DE0FE /* Controller */,
				76808A112C33A526007DE0FE /* AppDelegate.swift */,
				76808A132C33A526007DE0FE /* SceneDelegate.swift */,
				76808A1A2C33A528007DE0FE /* Assets.xcassets */,
				76808A1C2C33A528007DE0FE /* LaunchScreen.storyboard */,
				76808A1F2C33A528007DE0FE /* Info.plist */,
			);
			path = MomSpaCh;
			sourceTree = "<group>";
		};
		76808A352C33C9E7007DE0FE /* Model */ = {
			isa = PBXGroup;
			children = (
				76808A332C33C9C9007DE0FE /* Model.swift */,
			);
			path = Model;
			sourceTree = "<group>";
		};
		76808A362C33C9EF007DE0FE /* View */ = {
			isa = PBXGroup;
			children = (
				76808A152C33A526007DE0FE /* View.swift */,
				4F81D51D2C34DF870049E2A9 /* CustomTableViewCell.swift */,
			);
			path = View;
			sourceTree = "<group>";
		};
		76808A372C33C9F9007DE0FE /* Controller */ = {
			isa = PBXGroup;
			children = (
				76808A382C33CA26007DE0FE /* Controller.swift */,
			);
			path = Controller;
			sourceTree = "<group>";
		};
/* End PBXGroup section */

/* Begin PBXNativeTarget section */
		76808A0D2C33A526007DE0FE /* MomSpaCh */ = {
			isa = PBXNativeTarget;
			buildConfigurationList = 76808A222C33A528007DE0FE /* Build configuration list for PBXNativeTarget "MomSpaCh" */;
			buildPhases = (
				76808A0A2C33A526007DE0FE /* Sources */,
				76808A0B2C33A526007DE0FE /* Frameworks */,
				76808A0C2C33A526007DE0FE /* Resources */,
			);
			buildRules = (
			);
			dependencies = (
			);
			name = MomSpaCh;
			packageProductDependencies = (
				76808A2E2C33B68F007DE0FE /* SnapKit */,
			);
			productName = MomSpaCh;
			productReference = 76808A0E2C33A526007DE0FE /* MomSpaCh.app */;
			productType = "com.apple.product-type.application";
		};
/* End PBXNativeTarget section */

/* Begin PBXProject section */
		76808A062C33A526007DE0FE /* Project object */ = {
			isa = PBXProject;
			attributes = {
				BuildIndependentTargetsInParallel = 1;
				LastSwiftUpdateCheck = 1540;
				LastUpgradeCheck = 1540;
				TargetAttributes = {
					76808A0D2C33A526007DE0FE = {
						CreatedOnToolsVersion = 15.4;
					};
				};
			};
			buildConfigurationList = 76808A092C33A526007DE0FE /* Build configuration list for PBXProject "MomSpaCh" */;
			compatibilityVersion = "Xcode 14.0";
			developmentRegion = en;
			hasScannedForEncodings = 0;
			knownRegions = (
				en,
				Base,
			);
			mainGroup = 76808A052C33A526007DE0FE;
			packageReferences = (
				76808A2D2C33B68F007DE0FE /* XCRemoteSwiftPackageReference "SnapKit" */,
			);
			productRefGroup = 76808A0F2C33A526007DE0FE /* Products */;
			projectDirPath = "";
			projectRoot = "";
			targets = (
				76808A0D2C33A526007DE0FE /* MomSpaCh */,
			);
		};
/* End PBXProject section */

/* Begin PBXResourcesBuildPhase section */
		76808A0C2C33A526007DE0FE /* Resources */ = {
			isa = PBXResourcesBuildPhase;
			buildActionMask = 2147483647;
			files = (
				76808A282C33A58B007DE0FE /* .gitignore in Resources */,
				76808A1B2C33A528007DE0FE /* Assets.xcassets in Resources */,
				76808A1E2C33A528007DE0FE /* Base in Resources */,
				76808A2A2C33AE59007DE0FE /* CodeConvention.md in Resources */,
				76808A2C2C33B05C007DE0FE /* CommitConvention.md in Resources */,
				76808A262C33A582007DE0FE /* README.md in Resources */,
			);
			runOnlyForDeploymentPostprocessing = 0;
		};
/* End PBXResourcesBuildPhase section */

/* Begin PBXSourcesBuildPhase section */
		76808A0A2C33A526007DE0FE /* Sources */ = {
			isa = PBXSourcesBuildPhase;
			buildActionMask = 2147483647;
			files = (
				4F81D51E2C34DF870049E2A9 /* CustomTableViewCell.swift in Sources */,
				76808A392C33CA26007DE0FE /* Controller.swift in Sources */,
				76808A162C33A526007DE0FE /* View.swift in Sources */,
				76808A122C33A526007DE0FE /* AppDelegate.swift in Sources */,
				76808A142C33A526007DE0FE /* SceneDelegate.swift in Sources */,
				76808A342C33C9C9007DE0FE /* Model.swift in Sources */,
			);
			runOnlyForDeploymentPostprocessing = 0;
		};
/* End PBXSourcesBuildPhase section */

/* Begin PBXVariantGroup section */
		76808A1C2C33A528007DE0FE /* LaunchScreen.storyboard */ = {
			isa = PBXVariantGroup;
			children = (
				76808A1D2C33A528007DE0FE /* Base */,
			);
			name = LaunchScreen.storyboard;
			sourceTree = "<group>";
		};
/* End PBXVariantGroup section */

/* Begin XCBuildConfiguration section */
		76808A202C33A528007DE0FE /* Debug */ = {
			isa = XCBuildConfiguration;
			buildSettings = {
				ALWAYS_SEARCH_USER_PATHS = NO;
				ASSETCATALOG_COMPILER_GENERATE_SWIFT_ASSET_SYMBOL_EXTENSIONS = YES;
				CLANG_ANALYZER_NONNULL = YES;
				CLANG_ANALYZER_NUMBER_OBJECT_CONVERSION = YES_AGGRESSIVE;
				CLANG_CXX_LANGUAGE_STANDARD = "gnu++20";
				CLANG_ENABLE_MODULES = YES;
				CLANG_ENABLE_OBJC_ARC = YES;
				CLANG_ENABLE_OBJC_WEAK = YES;
				CLANG_WARN_BLOCK_CAPTURE_AUTORELEASING = YES;
				CLANG_WARN_BOOL_CONVERSION = YES;
				CLANG_WARN_COMMA = YES;
				CLANG_WARN_CONSTANT_CONVERSION = YES;
				CLANG_WARN_DEPRECATED_OBJC_IMPLEMENTATIONS = YES;
				CLANG_WARN_DIRECT_OBJC_ISA_USAGE = YES_ERROR;
				CLANG_WARN_DOCUMENTATION_COMMENTS = YES;
				CLANG_WARN_EMPTY_BODY = YES;
				CLANG_WARN_ENUM_CONVERSION = YES;
				CLANG_WARN_INFINITE_RECURSION = YES;
				CLANG_WARN_INT_CONVERSION = YES;
				CLANG_WARN_NON_LITERAL_NULL_CONVERSION = YES;
				CLANG_WARN_OBJC_IMPLICIT_RETAIN_SELF = YES;
				CLANG_WARN_OBJC_LITERAL_CONVERSION = YES;
				CLANG_WARN_OBJC_ROOT_CLASS = YES_ERROR;
				CLANG_WARN_QUOTED_INCLUDE_IN_FRAMEWORK_HEADER = YES;
				CLANG_WARN_RANGE_LOOP_ANALYSIS = YES;
				CLANG_WARN_STRICT_PROTOTYPES = YES;
				CLANG_WARN_SUSPICIOUS_MOVE = YES;
				CLANG_WARN_UNGUARDED_AVAILABILITY = YES_AGGRESSIVE;
				CLANG_WARN_UNREACHABLE_CODE = YES;
				CLANG_WARN__DUPLICATE_METHOD_MATCH = YES;
				COPY_PHASE_STRIP = NO;
				DEBUG_INFORMATION_FORMAT = dwarf;
				ENABLE_STRICT_OBJC_MSGSEND = YES;
				ENABLE_TESTABILITY = YES;
				ENABLE_USER_SCRIPT_SANDBOXING = YES;
				GCC_C_LANGUAGE_STANDARD = gnu17;
				GCC_DYNAMIC_NO_PIC = NO;
				GCC_NO_COMMON_BLOCKS = YES;
				GCC_OPTIMIZATION_LEVEL = 0;
				GCC_PREPROCESSOR_DEFINITIONS = (
					"DEBUG=1",
					"$(inherited)",
				);
				GCC_WARN_64_TO_32_BIT_CONVERSION = YES;
				GCC_WARN_ABOUT_RETURN_TYPE = YES_ERROR;
				GCC_WARN_UNDECLARED_SELECTOR = YES;
				GCC_WARN_UNINITIALIZED_AUTOS = YES_AGGRESSIVE;
				GCC_WARN_UNUSED_FUNCTION = YES;
				GCC_WARN_UNUSED_VARIABLE = YES;
				IPHONEOS_DEPLOYMENT_TARGET = 15.0;
				LOCALIZATION_PREFERS_STRING_CATALOGS = YES;
				MTL_ENABLE_DEBUG_INFO = INCLUDE_SOURCE;
				MTL_FAST_MATH = YES;
				ONLY_ACTIVE_ARCH = YES;
				SDKROOT = iphoneos;
				SWIFT_ACTIVE_COMPILATION_CONDITIONS = "DEBUG $(inherited)";
				SWIFT_OPTIMIZATION_LEVEL = "-Onone";
			};
			name = Debug;
		};
		76808A212C33A528007DE0FE /* Release */ = {
			isa = XCBuildConfiguration;
			buildSettings = {
				ALWAYS_SEARCH_USER_PATHS = NO;
				ASSETCATALOG_COMPILER_GENERATE_SWIFT_ASSET_SYMBOL_EXTENSIONS = YES;
				CLANG_ANALYZER_NONNULL = YES;
				CLANG_ANALYZER_NUMBER_OBJECT_CONVERSION = YES_AGGRESSIVE;
				CLANG_CXX_LANGUAGE_STANDARD = "gnu++20";
				CLANG_ENABLE_MODULES = YES;
				CLANG_ENABLE_OBJC_ARC = YES;
				CLANG_ENABLE_OBJC_WEAK = YES;
				CLANG_WARN_BLOCK_CAPTURE_AUTORELEASING = YES;
				CLANG_WARN_BOOL_CONVERSION = YES;
				CLANG_WARN_COMMA = YES;
				CLANG_WARN_CONSTANT_CONVERSION = YES;
				CLANG_WARN_DEPRECATED_OBJC_IMPLEMENTATIONS = YES;
				CLANG_WARN_DIRECT_OBJC_ISA_USAGE = YES_ERROR;
				CLANG_WARN_DOCUMENTATION_COMMENTS = YES;
				CLANG_WARN_EMPTY_BODY = YES;
				CLANG_WARN_ENUM_CONVERSION = YES;
				CLANG_WARN_INFINITE_RECURSION = YES;
				CLANG_WARN_INT_CONVERSION = YES;
				CLANG_WARN_NON_LITERAL_NULL_CONVERSION = YES;
				CLANG_WARN_OBJC_IMPLICIT_RETAIN_SELF = YES;
				CLANG_WARN_OBJC_LITERAL_CONVERSION = YES;
				CLANG_WARN_OBJC_ROOT_CLASS = YES_ERROR;
				CLANG_WARN_QUOTED_INCLUDE_IN_FRAMEWORK_HEADER = YES;
				CLANG_WARN_RANGE_LOOP_ANALYSIS = YES;
				CLANG_WARN_STRICT_PROTOTYPES = YES;
				CLANG_WARN_SUSPICIOUS_MOVE = YES;
				CLANG_WARN_UNGUARDED_AVAILABILITY = YES_AGGRESSIVE;
				CLANG_WARN_UNREACHABLE_CODE = YES;
				CLANG_WARN__DUPLICATE_METHOD_MATCH = YES;
				COPY_PHASE_STRIP = NO;
				DEBUG_INFORMATION_FORMAT = "dwarf-with-dsym";
				ENABLE_NS_ASSERTIONS = NO;
				ENABLE_STRICT_OBJC_MSGSEND = YES;
				ENABLE_USER_SCRIPT_SANDBOXING = YES;
				GCC_C_LANGUAGE_STANDARD = gnu17;
				GCC_NO_COMMON_BLOCKS = YES;
				GCC_WARN_64_TO_32_BIT_CONVERSION = YES;
				GCC_WARN_ABOUT_RETURN_TYPE = YES_ERROR;
				GCC_WARN_UNDECLARED_SELECTOR = YES;
				GCC_WARN_UNINITIALIZED_AUTOS = YES_AGGRESSIVE;
				GCC_WARN_UNUSED_FUNCTION = YES;
				GCC_WARN_UNUSED_VARIABLE = YES;
				IPHONEOS_DEPLOYMENT_TARGET = 15.0;
				LOCALIZATION_PREFERS_STRING_CATALOGS = YES;
				MTL_ENABLE_DEBUG_INFO = NO;
				MTL_FAST_MATH = YES;
				SDKROOT = iphoneos;
				SWIFT_COMPILATION_MODE = wholemodule;
				VALIDATE_PRODUCT = YES;
			};
			name = Release;
		};
		76808A232C33A528007DE0FE /* Debug */ = {
			isa = XCBuildConfiguration;
			buildSettings = {
				ASSETCATALOG_COMPILER_APPICON_NAME = AppIcon;
				ASSETCATALOG_COMPILER_GLOBAL_ACCENT_COLOR_NAME = AccentColor;
				CODE_SIGN_STYLE = Automatic;
				CURRENT_PROJECT_VERSION = 1;
				DEVELOPMENT_TEAM = "";
				GENERATE_INFOPLIST_FILE = YES;
				INFOPLIST_FILE = MomSpaCh/Info.plist;
				INFOPLIST_KEY_UIApplicationSupportsIndirectInputEvents = YES;
				INFOPLIST_KEY_UILaunchStoryboardName = LaunchScreen;
				INFOPLIST_KEY_UISupportedInterfaceOrientations_iPad = "UIInterfaceOrientationPortrait UIInterfaceOrientationPortraitUpsideDown UIInterfaceOrientationLandscapeLeft UIInterfaceOrientationLandscapeRight";
				INFOPLIST_KEY_UISupportedInterfaceOrientations_iPhone = "UIInterfaceOrientationPortrait UIInterfaceOrientationLandscapeLeft UIInterfaceOrientationLandscapeRight";
				IPHONEOS_DEPLOYMENT_TARGET = 15.0;
				LD_RUNPATH_SEARCH_PATHS = (
					"$(inherited)",
					"@executable_path/Frameworks",
				);
				MARKETING_VERSION = 1.0;
				PRODUCT_BUNDLE_IDENTIFIER = com.donghyeon.MomSpaCh;
				PRODUCT_NAME = "$(TARGET_NAME)";
				SWIFT_EMIT_LOC_STRINGS = YES;
				SWIFT_VERSION = 5.0;
				TARGETED_DEVICE_FAMILY = "1,2";
			};
			name = Debug;
		};
		76808A242C33A528007DE0FE /* Release */ = {
			isa = XCBuildConfiguration;
			buildSettings = {
				ASSETCATALOG_COMPILER_APPICON_NAME = AppIcon;
				ASSETCATALOG_COMPILER_GLOBAL_ACCENT_COLOR_NAME = AccentColor;
				CODE_SIGN_STYLE = Automatic;
				CURRENT_PROJECT_VERSION = 1;
				DEVELOPMENT_TEAM = "";
				GENERATE_INFOPLIST_FILE = YES;
				INFOPLIST_FILE = MomSpaCh/Info.plist;
				INFOPLIST_KEY_UIApplicationSupportsIndirectInputEvents = YES;
				INFOPLIST_KEY_UILaunchStoryboardName = LaunchScreen;
				INFOPLIST_KEY_UISupportedInterfaceOrientations_iPad = "UIInterfaceOrientationPortrait UIInterfaceOrientationPortraitUpsideDown UIInterfaceOrientationLandscapeLeft UIInterfaceOrientationLandscapeRight";
				INFOPLIST_KEY_UISupportedInterfaceOrientations_iPhone = "UIInterfaceOrientationPortrait UIInterfaceOrientationLandscapeLeft UIInterfaceOrientationLandscapeRight";
				IPHONEOS_DEPLOYMENT_TARGET = 15.0;
				LD_RUNPATH_SEARCH_PATHS = (
					"$(inherited)",
					"@executable_path/Frameworks",
				);
				MARKETING_VERSION = 1.0;
				PRODUCT_BUNDLE_IDENTIFIER = com.donghyeon.MomSpaCh;
				PRODUCT_NAME = "$(TARGET_NAME)";
				SWIFT_EMIT_LOC_STRINGS = YES;
				SWIFT_VERSION = 5.0;
				TARGETED_DEVICE_FAMILY = "1,2";
			};
			name = Release;
		};
/* End XCBuildConfiguration section */

/* Begin XCConfigurationList section */
		76808A092C33A526007DE0FE /* Build configuration list for PBXProject "MomSpaCh" */ = {
			isa = XCConfigurationList;
			buildConfigurations = (
				76808A202C33A528007DE0FE /* Debug */,
				76808A212C33A528007DE0FE /* Release */,
			);
			defaultConfigurationIsVisible = 0;
			defaultConfigurationName = Release;
		};
		76808A222C33A528007DE0FE /* Build configuration list for PBXNativeTarget "MomSpaCh" */ = {
			isa = XCConfigurationList;
			buildConfigurations = (
				76808A232C33A528007DE0FE /* Debug */,
				76808A242C33A528007DE0FE /* Release */,
			);
			defaultConfigurationIsVisible = 0;
			defaultConfigurationName = Release;
		};
/* End XCConfigurationList section */

/* Begin XCRemoteSwiftPackageReference section */
		76808A2D2C33B68F007DE0FE /* XCRemoteSwiftPackageReference "SnapKit" */ = {
			isa = XCRemoteSwiftPackageReference;
			repositoryURL = "https://github.com/SnapKit/SnapKit.git";
			requirement = {
				kind = upToNextMajorVersion;
				minimumVersion = 5.7.1;
			};
		};
/* End XCRemoteSwiftPackageReference section */

/* Begin XCSwiftPackageProductDependency section */
		76808A2E2C33B68F007DE0FE /* SnapKit */ = {
			isa = XCSwiftPackageProductDependency;
			package = 76808A2D2C33B68F007DE0FE /* XCRemoteSwiftPackageReference "SnapKit" */;
			productName = SnapKit;
		};
/* End XCSwiftPackageProductDependency section */
	};
	rootObject = 76808A062C33A526007DE0FE /* Project object */;
}
